// !$*UTF8*$!
{
	archiveVersion = 1;
	classes = {
	};
	objectVersion = 56;
	objects = {

/* Begin PBXBuildFile section */
		4DF2494329883A6100046046 /* AppDelegate.swift in Sources */ = {isa = PBXBuildFile; fileRef = 4DF2494229883A6100046046 /* AppDelegate.swift */; };
		4DF2494529883A6100046046 /* SceneDelegate.swift in Sources */ = {isa = PBXBuildFile; fileRef = 4DF2494429883A6100046046 /* SceneDelegate.swift */; };
		4DF2494729883A6100046046 /* ViewController.swift in Sources */ = {isa = PBXBuildFile; fileRef = 4DF2494629883A6100046046 /* ViewController.swift */; };
		4DF2494A29883A6100046046 /* Main.storyboard in Resources */ = {isa = PBXBuildFile; fileRef = 4DF2494829883A6100046046 /* Main.storyboard */; };
		4DF2494D29883A6100046046 /* ebac_noticias.xcdatamodeld in Sources */ = {isa = PBXBuildFile; fileRef = 4DF2494B29883A6100046046 /* ebac_noticias.xcdatamodeld */; };
		4DF2494F29883A6300046046 /* Assets.xcassets in Resources */ = {isa = PBXBuildFile; fileRef = 4DF2494E29883A6300046046 /* Assets.xcassets */; };
		4DF2495229883A6300046046 /* LaunchScreen.storyboard in Resources */ = {isa = PBXBuildFile; fileRef = 4DF2495029883A6300046046 /* LaunchScreen.storyboard */; };
		4DF2495D29883A6300046046 /* ebac_noticiasTests.swift in Sources */ = {isa = PBXBuildFile; fileRef = 4DF2495C29883A6300046046 /* ebac_noticiasTests.swift */; };
		4DF2496729883A6300046046 /* ebac_noticiasUITests.swift in Sources */ = {isa = PBXBuildFile; fileRef = 4DF2496629883A6300046046 /* ebac_noticiasUITests.swift */; };
		4DF2496929883A6300046046 /* ebac_noticiasUITestsLaunchTests.swift in Sources */ = {isa = PBXBuildFile; fileRef = 4DF2496829883A6300046046 /* ebac_noticiasUITestsLaunchTests.swift */; };
/* End PBXBuildFile section */

/* Begin PBXContainerItemProxy section */
		4DF2495929883A6300046046 /* PBXContainerItemProxy */ = {
			isa = PBXContainerItemProxy;
			containerPortal = 4DF2493729883A6100046046 /* Project object */;
			proxyType = 1;
			remoteGlobalIDString = 4DF2493E29883A6100046046;
			remoteInfo = "ebac-noticias";
		};
		4DF2496329883A6300046046 /* PBXContainerItemProxy */ = {
			isa = PBXContainerItemProxy;
			containerPortal = 4DF2493729883A6100046046 /* Project object */;
			proxyType = 1;
			remoteGlobalIDString = 4DF2493E29883A6100046046;
			remoteInfo = "ebac-noticias";
		};
/* End PBXContainerItemProxy section */

/* Begin PBXFileReference section */
		4DF2493F29883A6100046046 /* ebac-noticias.app */ = {isa = PBXFileReference; explicitFileType = wrapper.application; includeInIndex = 0; path = "ebac-noticias.app"; sourceTree = BUILT_PRODUCTS_DIR; };
		4DF2494229883A6100046046 /* AppDelegate.swift */ = {isa = PBXFileReference; lastKnownFileType = sourcecode.swift; path = AppDelegate.swift; sourceTree = "<group>"; };
		4DF2494429883A6100046046 /* SceneDelegate.swift */ = {isa = PBXFileReference; lastKnownFileType = sourcecode.swift; path = SceneDelegate.swift; sourceTree = "<group>"; };
		4DF2494629883A6100046046 /* ViewController.swift */ = {isa = PBXFileReference; lastKnownFileType = sourcecode.swift; path = ViewController.swift; sourceTree = "<group>"; };
		4DF2494929883A6100046046 /* Base */ = {isa = PBXFileReference; lastKnownFileType = file.storyboard; name = Base; path = Base.lproj/Main.storyboard; sourceTree = "<group>"; };
		4DF2494C29883A6100046046 /* ebac_noticias.xcdatamodel */ = {isa = PBXFileReference; lastKnownFileType = wrapper.xcdatamodel; path = ebac_noticias.xcdatamodel; sourceTree = "<group>"; };
		4DF2494E29883A6300046046 /* Assets.xcassets */ = {isa = PBXFileReference; lastKnownFileType = folder.assetcatalog; path = Assets.xcassets; sourceTree = "<group>"; };
		4DF2495129883A6300046046 /* Base */ = {isa = PBXFileReference; lastKnownFileType = file.storyboard; name = Base; path = Base.lproj/LaunchScreen.storyboard; sourceTree = "<group>"; };
		4DF2495329883A6300046046 /* Info.plist */ = {isa = PBXFileReference; lastKnownFileType = text.plist.xml; path = Info.plist; sourceTree = "<group>"; };
		4DF2495829883A6300046046 /* ebac-noticiasTests.xctest */ = {isa = PBXFileReference; explicitFileType = wrapper.cfbundle; includeInIndex = 0; path = "ebac-noticiasTests.xctest"; sourceTree = BUILT_PRODUCTS_DIR; };
		4DF2495C29883A6300046046 /* ebac_noticiasTests.swift */ = {isa = PBXFileReference; lastKnownFileType = sourcecode.swift; path = ebac_noticiasTests.swift; sourceTree = "<group>"; };
		4DF2496229883A6300046046 /* ebac-noticiasUITests.xctest */ = {isa = PBXFileReference; explicitFileType = wrapper.cfbundle; includeInIndex = 0; path = "ebac-noticiasUITests.xctest"; sourceTree = BUILT_PRODUCTS_DIR; };
		4DF2496629883A6300046046 /* ebac_noticiasUITests.swift */ = {isa = PBXFileReference; lastKnownFileType = sourcecode.swift; path = ebac_noticiasUITests.swift; sourceTree = "<group>"; };
		4DF2496829883A6300046046 /* ebac_noticiasUITestsLaunchTests.swift */ = {isa = PBXFileReference; lastKnownFileType = sourcecode.swift; path = ebac_noticiasUITestsLaunchTests.swift; sourceTree = "<group>"; };
/* End PBXFileReference section */

/* Begin PBXFrameworksBuildPhase section */
		4DF2493C29883A6100046046 /* Frameworks */ = {
			isa = PBXFrameworksBuildPhase;
			buildActionMask = 2147483647;
			files = (
			);
			runOnlyForDeploymentPostprocessing = 0;
		};
		4DF2495529883A6300046046 /* Frameworks */ = {
			isa = PBXFrameworksBuildPhase;
			buildActionMask = 2147483647;
			files = (
			);
			runOnlyForDeploymentPostprocessing = 0;
		};
		4DF2495F29883A6300046046 /* Frameworks */ = {
			isa = PBXFrameworksBuildPhase;
			buildActionMask = 2147483647;
			files = (
			);
			runOnlyForDeploymentPostprocessing = 0;
		};
/* End PBXFrameworksBuildPhase section */

/* Begin PBXGroup section */
		4DF2493629883A6100046046 = {
			isa = PBXGroup;
			children = (
				4DF2494129883A6100046046 /* ebac-noticias */,
				4DF2495B29883A6300046046 /* ebac-noticiasTests */,
				4DF2496529883A6300046046 /* ebac-noticiasUITests */,
				4DF2494029883A6100046046 /* Products */,
			);
			sourceTree = "<group>";
		};
		4DF2494029883A6100046046 /* Products */ = {
			isa = PBXGroup;
			children = (
				4DF2493F29883A6100046046 /* ebac-noticias.app */,
				4DF2495829883A6300046046 /* ebac-noticiasTests.xctest */,
				4DF2496229883A6300046046 /* ebac-noticiasUITests.xctest */,
			);
			name = Products;
			sourceTree = "<group>";
		};
		4DF2494129883A6100046046 /* ebac-noticias */ = {
			isa = PBXGroup;
			children = (
				4DF2494229883A6100046046 /* AppDelegate.swift */,
				4DF2494429883A6100046046 /* SceneDelegate.swift */,
				4DF2494629883A6100046046 /* ViewController.swift */,
				4DF2494829883A6100046046 /* Main.storyboard */,
				4DF2494E29883A6300046046 /* Assets.xcassets */,
				4DF2495029883A6300046046 /* LaunchScreen.storyboard */,
				4DF2495329883A6300046046 /* Info.plist */,
				4DF2494B29883A6100046046 /* ebac_noticias.xcdatamodeld */,
			);
			path = "ebac-noticias";
			sourceTree = "<group>";
		};
		4DF2495B29883A6300046046 /* ebac-noticiasTests */ = {
			isa = PBXGroup;
			children = (
				4DF2495C29883A6300046046 /* ebac_noticiasTests.swift */,
			);
			path = "ebac-noticiasTests";
			sourceTree = "<group>";
		};
		4DF2496529883A6300046046 /* ebac-noticiasUITests */ = {
			isa = PBXGroup;
			children = (
				4DF2496629883A6300046046 /* ebac_noticiasUITests.swift */,
				4DF2496829883A6300046046 /* ebac_noticiasUITestsLaunchTests.swift */,
			);
			path = "ebac-noticiasUITests";
			sourceTree = "<group>";
		};
/* End PBXGroup section */

/* Begin PBXNativeTarget section */
		4DF2493E29883A6100046046 /* ebac-noticias */ = {
			isa = PBXNativeTarget;
			buildConfigurationList = 4DF2496C29883A6300046046 /* Build configuration list for PBXNativeTarget "ebac-noticias" */;
			buildPhases = (
				4DF2493B29883A6100046046 /* Sources */,
				4DF2493C29883A6100046046 /* Frameworks */,
				4DF2493D29883A6100046046 /* Resources */,
			);
			buildRules = (
			);
			dependencies = (
			);
			name = "ebac-noticias";
			productName = "ebac-noticias";
			productReference = 4DF2493F29883A6100046046 /* ebac-noticias.app */;
			productType = "com.apple.product-type.application";
		};
		4DF2495729883A6300046046 /* ebac-noticiasTests */ = {
			isa = PBXNativeTarget;
			buildConfigurationList = 4DF2496F29883A6300046046 /* Build configuration list for PBXNativeTarget "ebac-noticiasTests" */;
			buildPhases = (
				4DF2495429883A6300046046 /* Sources */,
				4DF2495529883A6300046046 /* Frameworks */,
				4DF2495629883A6300046046 /* Resources */,
			);
			buildRules = (
			);
			dependencies = (
				4DF2495A29883A6300046046 /* PBXTargetDependency */,
			);
			name = "ebac-noticiasTests";
			productName = "ebac-noticiasTests";
			productReference = 4DF2495829883A6300046046 /* ebac-noticiasTests.xctest */;
			productType = "com.apple.product-type.bundle.unit-test";
		};
		4DF2496129883A6300046046 /* ebac-noticiasUITests */ = {
			isa = PBXNativeTarget;
			buildConfigurationList = 4DF2497229883A6300046046 /* Build configuration list for PBXNativeTarget "ebac-noticiasUITests" */;
			buildPhases = (
				4DF2495E29883A6300046046 /* Sources */,
				4DF2495F29883A6300046046 /* Frameworks */,
				4DF2496029883A6300046046 /* Resources */,
			);
			buildRules = (
			);
			dependencies = (
				4DF2496429883A6300046046 /* PBXTargetDependency */,
			);
			name = "ebac-noticiasUITests";
			productName = "ebac-noticiasUITests";
			productReference = 4DF2496229883A6300046046 /* ebac-noticiasUITests.xctest */;
			productType = "com.apple.product-type.bundle.ui-testing";
		};
/* End PBXNativeTarget section */

/* Begin PBXProject section */
		4DF2493729883A6100046046 /* Project object */ = {
			isa = PBXProject;
			attributes = {
				BuildIndependentTargetsInParallel = 1;
				LastSwiftUpdateCheck = 1420;
				LastUpgradeCheck = 1420;
				TargetAttributes = {
					4DF2493E29883A6100046046 = {
						CreatedOnToolsVersion = 14.2;
					};
					4DF2495729883A6300046046 = {
						CreatedOnToolsVersion = 14.2;
						TestTargetID = 4DF2493E29883A6100046046;
					};
					4DF2496129883A6300046046 = {
						CreatedOnToolsVersion = 14.2;
						TestTargetID = 4DF2493E29883A6100046046;
					};
				};
			};
			buildConfigurationList = 4DF2493A29883A6100046046 /* Build configuration list for PBXProject "ebac-noticias" */;
			compatibilityVersion = "Xcode 14.0";
			developmentRegion = en;
			hasScannedForEncodings = 0;
			knownRegions = (
				en,
				Base,
			);
			mainGroup = 4DF2493629883A6100046046;
			productRefGroup = 4DF2494029883A6100046046 /* Products */;
			projectDirPath = "";
			projectRoot = "";
			targets = (
				4DF2493E29883A6100046046 /* ebac-noticias */,
				4DF2495729883A6300046046 /* ebac-noticiasTests */,
				4DF2496129883A6300046046 /* ebac-noticiasUITests */,
			);
		};
/* End PBXProject section */

/* Begin PBXResourcesBuildPhase section */
		4DF2493D29883A6100046046 /* Resources */ = {
			isa = PBXResourcesBuildPhase;
			buildActionMask = 2147483647;
			files = (
				4DF2495229883A6300046046 /* LaunchScreen.storyboard in Resources */,
				4DF2494F29883A6300046046 /* Assets.xcassets in Resources */,
				4DF2494A29883A6100046046 /* Main.storyboard in Resources */,
			);
			runOnlyForDeploymentPostprocessing = 0;
		};
		4DF2495629883A6300046046 /* Resources */ = {
			isa = PBXResourcesBuildPhase;
			buildActionMask = 2147483647;
			files = (
			);
			runOnlyForDeploymentPostprocessing = 0;
		};
		4DF2496029883A6300046046 /* Resources */ = {
			isa = PBXResourcesBuildPhase;
			buildActionMask = 2147483647;
			files = (
			);
			runOnlyForDeploymentPostprocessing = 0;
		};
/* End PBXResourcesBuildPhase section */

/* Begin PBXSourcesBuildPhase section */
		4DF2493B29883A6100046046 /* Sources */ = {
			isa = PBXSourcesBuildPhase;
			buildActionMask = 2147483647;
			files = (
				4DF2494729883A6100046046 /* ViewController.swift in Sources */,
				4DF2494329883A6100046046 /* AppDelegate.swift in Sources */,
				4DF2494D29883A6100046046 /* ebac_noticias.xcdatamodeld in Sources */,
				4DF2494529883A6100046046 /* SceneDelegate.swift in Sources */,
			);
			runOnlyForDeploymentPostprocessing = 0;
		};
		4DF2495429883A6300046046 /* Sources */ = {
			isa = PBXSourcesBuildPhase;
			buildActionMask = 2147483647;
			files = (
				4DF2495D29883A6300046046 /* ebac_noticiasTests.swift in Sources */,
			);
			runOnlyForDeploymentPostprocessing = 0;
		};
		4DF2495E29883A6300046046 /* Sources */ = {
			isa = PBXSourcesBuildPhase;
			buildActionMask = 2147483647;
			files = (
				4DF2496729883A6300046046 /* ebac_noticiasUITests.swift in Sources */,
				4DF2496929883A6300046046 /* ebac_noticiasUITestsLaunchTests.swift in Sources */,
			);
			runOnlyForDeploymentPostprocessing = 0;
		};
/* End PBXSourcesBuildPhase section */

/* Begin PBXTargetDependency section */
		4DF2495A29883A6300046046 /* PBXTargetDependency */ = {
			isa = PBXTargetDependency;
			target = 4DF2493E29883A6100046046 /* ebac-noticias */;
			targetProxy = 4DF2495929883A6300046046 /* PBXContainerItemProxy */;
		};
		4DF2496429883A6300046046 /* PBXTargetDependency */ = {
			isa = PBXTargetDependency;
			target = 4DF2493E29883A6100046046 /* ebac-noticias */;
			targetProxy = 4DF2496329883A6300046046 /* PBXContainerItemProxy */;
		};
/* End PBXTargetDependency section */

/* Begin PBXVariantGroup section */
		4DF2494829883A6100046046 /* Main.storyboard */ = {
			isa = PBXVariantGroup;
			children = (
				4DF2494929883A6100046046 /* Base */,
			);
			name = Main.storyboard;
			sourceTree = "<group>";
		};
		4DF2495029883A6300046046 /* LaunchScreen.storyboard */ = {
			isa = PBXVariantGroup;
			children = (
				4DF2495129883A6300046046 /* Base */,
			);
			name = LaunchScreen.storyboard;
			sourceTree = "<group>";
		};
/* End PBXVariantGroup section */

/* Begin XCBuildConfiguration section */
		4DF2496A29883A6300046046 /* Debug */ = {
			isa = XCBuildConfiguration;
			buildSettings = {
				ALWAYS_SEARCH_USER_PATHS = NO;
				CLANG_ANALYZER_NONNULL = YES;
				CLANG_ANALYZER_NUMBER_OBJECT_CONVERSION = YES_AGGRESSIVE;
				CLANG_CXX_LANGUAGE_STANDARD = "gnu++20";
				CLANG_ENABLE_MODULES = YES;
				CLANG_ENABLE_OBJC_ARC = YES;
				CLANG_ENABLE_OBJC_WEAK = YES;
				CLANG_WARN_BLOCK_CAPTURE_AUTORELEASING = YES;
				CLANG_WARN_BOOL_CONVERSION = YES;
				CLANG_WARN_COMMA = YES;
				CLANG_WARN_CONSTANT_CONVERSION = YES;
				CLANG_WARN_DEPRECATED_OBJC_IMPLEMENTATIONS = YES;
				CLANG_WARN_DIRECT_OBJC_ISA_USAGE = YES_ERROR;
				CLANG_WARN_DOCUMENTATION_COMMENTS = YES;
				CLANG_WARN_EMPTY_BODY = YES;
				CLANG_WARN_ENUM_CONVERSION = YES;
				CLANG_WARN_INFINITE_RECURSION = YES;
				CLANG_WARN_INT_CONVERSION = YES;
				CLANG_WARN_NON_LITERAL_NULL_CONVERSION = YES;
				CLANG_WARN_OBJC_IMPLICIT_RETAIN_SELF = YES;
				CLANG_WARN_OBJC_LITERAL_CONVERSION = YES;
				CLANG_WARN_OBJC_ROOT_CLASS = YES_ERROR;
				CLANG_WARN_QUOTED_INCLUDE_IN_FRAMEWORK_HEADER = YES;
				CLANG_WARN_RANGE_LOOP_ANALYSIS = YES;
				CLANG_WARN_STRICT_PROTOTYPES = YES;
				CLANG_WARN_SUSPICIOUS_MOVE = YES;
				CLANG_WARN_UNGUARDED_AVAILABILITY = YES_AGGRESSIVE;
				CLANG_WARN_UNREACHABLE_CODE = YES;
				CLANG_WARN__DUPLICATE_METHOD_MATCH = YES;
				COPY_PHASE_STRIP = NO;
				DEBUG_INFORMATION_FORMAT = dwarf;
				ENABLE_STRICT_OBJC_MSGSEND = YES;
				ENABLE_TESTABILITY = YES;
				GCC_C_LANGUAGE_STANDARD = gnu11;
				GCC_DYNAMIC_NO_PIC = NO;
				GCC_NO_COMMON_BLOCKS = YES;
				GCC_OPTIMIZATION_LEVEL = 0;
				GCC_PREPROCESSOR_DEFINITIONS = (
					"DEBUG=1",
					"$(inherited)",
				);
				GCC_WARN_64_TO_32_BIT_CONVERSION = YES;
				GCC_WARN_ABOUT_RETURN_TYPE = YES_ERROR;
				GCC_WARN_UNDECLARED_SELECTOR = YES;
				GCC_WARN_UNINITIALIZED_AUTOS = YES_AGGRESSIVE;
				GCC_WARN_UNUSED_FUNCTION = YES;
				GCC_WARN_UNUSED_VARIABLE = YES;
				IPHONEOS_DEPLOYMENT_TARGET = 16.2;
				MTL_ENABLE_DEBUG_INFO = INCLUDE_SOURCE;
				MTL_FAST_MATH = YES;
				ONLY_ACTIVE_ARCH = YES;
				SDKROOT = iphoneos;
				SWIFT_ACTIVE_COMPILATION_CONDITIONS = DEBUG;
				SWIFT_OPTIMIZATION_LEVEL = "-Onone";
			};
			name = Debug;
		};
		4DF2496B29883A6300046046 /* Release */ = {
			isa = XCBuildConfiguration;
			buildSettings = {
				ALWAYS_SEARCH_USER_PATHS = NO;
				CLANG_ANALYZER_NONNULL = YES;
				CLANG_ANALYZER_NUMBER_OBJECT_CONVERSION = YES_AGGRESSIVE;
				CLANG_CXX_LANGUAGE_STANDARD = "gnu++20";
				CLANG_ENABLE_MODULES = YES;
				CLANG_ENABLE_OBJC_ARC = YES;
				CLANG_ENABLE_OBJC_WEAK = YES;
				CLANG_WARN_BLOCK_CAPTURE_AUTORELEASING = YES;
				CLANG_WARN_BOOL_CONVERSION = YES;
				CLANG_WARN_COMMA = YES;
				CLANG_WARN_CONSTANT_CONVERSION = YES;
				CLANG_WARN_DEPRECATED_OBJC_IMPLEMENTATIONS = YES;
				CLANG_WARN_DIRECT_OBJC_ISA_USAGE = YES_ERROR;
				CLANG_WARN_DOCUMENTATION_COMMENTS = YES;
				CLANG_WARN_EMPTY_BODY = YES;
				CLANG_WARN_ENUM_CONVERSION = YES;
				CLANG_WARN_INFINITE_RECURSION = YES;
				CLANG_WARN_INT_CONVERSION = YES;
				CLANG_WARN_NON_LITERAL_NULL_CONVERSION = YES;
				CLANG_WARN_OBJC_IMPLICIT_RETAIN_SELF = YES;
				CLANG_WARN_OBJC_LITERAL_CONVERSION = YES;
				CLANG_WARN_OBJC_ROOT_CLASS = YES_ERROR;
				CLANG_WARN_QUOTED_INCLUDE_IN_FRAMEWORK_HEADER = YES;
				CLANG_WARN_RANGE_LOOP_ANALYSIS = YES;
				CLANG_WARN_STRICT_PROTOTYPES = YES;
				CLANG_WARN_SUSPICIOUS_MOVE = YES;
				CLANG_WARN_UNGUARDED_AVAILABILITY = YES_AGGRESSIVE;
				CLANG_WARN_UNREACHABLE_CODE = YES;
				CLANG_WARN__DUPLICATE_METHOD_MATCH = YES;
				COPY_PHASE_STRIP = NO;
				DEBUG_INFORMATION_FORMAT = "dwarf-with-dsym";
				ENABLE_NS_ASSERTIONS = NO;
				ENABLE_STRICT_OBJC_MSGSEND = YES;
				GCC_C_LANGUAGE_STANDARD = gnu11;
				GCC_NO_COMMON_BLOCKS = YES;
				GCC_WARN_64_TO_32_BIT_CONVERSION = YES;
				GCC_WARN_ABOUT_RETURN_TYPE = YES_ERROR;
				GCC_WARN_UNDECLARED_SELECTOR = YES;
				GCC_WARN_UNINITIALIZED_AUTOS = YES_AGGRESSIVE;
				GCC_WARN_UNUSED_FUNCTION = YES;
				GCC_WARN_UNUSED_VARIABLE = YES;
				IPHONEOS_DEPLOYMENT_TARGET = 16.2;
				MTL_ENABLE_DEBUG_INFO = NO;
				MTL_FAST_MATH = YES;
				SDKROOT = iphoneos;
				SWIFT_COMPILATION_MODE = wholemodule;
				SWIFT_OPTIMIZATION_LEVEL = "-O";
				VALIDATE_PRODUCT = YES;
			};
			name = Release;
		};
		4DF2496D29883A6300046046 /* Debug */ = {
			isa = XCBuildConfiguration;
			buildSettings = {
				ASSETCATALOG_COMPILER_APPICON_NAME = AppIcon;
				ASSETCATALOG_COMPILER_GLOBAL_ACCENT_COLOR_NAME = AccentColor;
				CODE_SIGN_STYLE = Automatic;
				CURRENT_PROJECT_VERSION = 1;
				DEVELOPMENT_TEAM = SPWMMSKK74;
				GENERATE_INFOPLIST_FILE = YES;
				INFOPLIST_FILE = "ebac-noticias/Info.plist";
				INFOPLIST_KEY_UIApplicationSupportsIndirectInputEvents = YES;
				INFOPLIST_KEY_UILaunchStoryboardName = LaunchScreen;
				INFOPLIST_KEY_UIMainStoryboardFile = Main;
				INFOPLIST_KEY_UISupportedInterfaceOrientations_iPad = "UIInterfaceOrientationPortrait UIInterfaceOrientationPortraitUpsideDown UIInterfaceOrientationLandscapeLeft UIInterfaceOrientationLandscapeRight";
				INFOPLIST_KEY_UISupportedInterfaceOrientations_iPhone = "UIInterfaceOrientationPortrait UIInterfaceOrientationLandscapeLeft UIInterfaceOrientationLandscapeRight";
				LD_RUNPATH_SEARCH_PATHS = (
					"$(inherited)",
					"@executable_path/Frameworks",
				);
				MARKETING_VERSION = 1.0;
				PRODUCT_BUNDLE_IDENTIFIER = "br.com.jocampos.ebac-noticias";
				PRODUCT_NAME = "$(TARGET_NAME)";
				SWIFT_EMIT_LOC_STRINGS = YES;
				SWIFT_VERSION = 5.0;
				TARGETED_DEVICE_FAMILY = "1,2";
			};
			name = Debug;
		};
		4DF2496E29883A6300046046 /* Release */ = {
			isa = XCBuildConfiguration;
			buildSettings = {
				ASSETCATALOG_COMPILER_APPICON_NAME = AppIcon;
				ASSETCATALOG_COMPILER_GLOBAL_ACCENT_COLOR_NAME = AccentColor;
				CODE_SIGN_STYLE = Automatic;
				CURRENT_PROJECT_VERSION = 1;
				DEVELOPMENT_TEAM = SPWMMSKK74;
				GENERATE_INFOPLIST_FILE = YES;
				INFOPLIST_FILE = "ebac-noticias/Info.plist";
				INFOPLIST_KEY_UIApplicationSupportsIndirectInputEvents = YES;
				INFOPLIST_KEY_UILaunchStoryboardName = LaunchScreen;
				INFOPLIST_KEY_UIMainStoryboardFile = Main;
				INFOPLIST_KEY_UISupportedInterfaceOrientations_iPad = "UIInterfaceOrientationPortrait UIInterfaceOrientationPortraitUpsideDown UIInterfaceOrientationLandscapeLeft UIInterfaceOrientationLandscapeRight";
				INFOPLIST_KEY_UISupportedInterfaceOrientations_iPhone = "UIInterfaceOrientationPortrait UIInterfaceOrientationLandscapeLeft UIInterfaceOrientationLandscapeRight";
				LD_RUNPATH_SEARCH_PATHS = (
					"$(inherited)",
					"@executable_path/Frameworks",
				);
				MARKETING_VERSION = 1.0;
				PRODUCT_BUNDLE_IDENTIFIER = "br.com.jocampos.ebac-noticias";
				PRODUCT_NAME = "$(TARGET_NAME)";
				SWIFT_EMIT_LOC_STRINGS = YES;
				SWIFT_VERSION = 5.0;
				TARGETED_DEVICE_FAMILY = "1,2";
			};
			name = Release;
		};
		4DF2497029883A6300046046 /* Debug */ = {
			isa = XCBuildConfiguration;
			buildSettings = {
				ALWAYS_EMBED_SWIFT_STANDARD_LIBRARIES = YES;
				BUNDLE_LOADER = "$(TEST_HOST)";
				CODE_SIGN_STYLE = Automatic;
				CURRENT_PROJECT_VERSION = 1;
				DEVELOPMENT_TEAM = SPWMMSKK74;
				GENERATE_INFOPLIST_FILE = YES;
				IPHONEOS_DEPLOYMENT_TARGET = 16.2;
				MARKETING_VERSION = 1.0;
				PRODUCT_BUNDLE_IDENTIFIER = "br.com.jocampos.ebac-noticiasTests";
				PRODUCT_NAME = "$(TARGET_NAME)";
				SWIFT_EMIT_LOC_STRINGS = NO;
				SWIFT_VERSION = 5.0;
				TARGETED_DEVICE_FAMILY = "1,2";
				TEST_HOST = "$(BUILT_PRODUCTS_DIR)/ebac-noticias.app/$(BUNDLE_EXECUTABLE_FOLDER_PATH)/ebac-noticias";
			};
			name = Debug;
		};
		4DF2497129883A6300046046 /* Release */ = {
			isa = XCBuildConfiguration;
			buildSettings = {
				ALWAYS_EMBED_SWIFT_STANDARD_LIBRARIES = YES;
				BUNDLE_LOADER = "$(TEST_HOST)";
				CODE_SIGN_STYLE = Automatic;
				CURRENT_PROJECT_VERSION = 1;
				DEVELOPMENT_TEAM = SPWMMSKK74;
				GENERATE_INFOPLIST_FILE = YES;
				IPHONEOS_DEPLOYMENT_TARGET = 16.2;
				MARKETING_VERSION = 1.0;
				PRODUCT_BUNDLE_IDENTIFIER = "br.com.jocampos.ebac-noticiasTests";
				PRODUCT_NAME = "$(TARGET_NAME)";
				SWIFT_EMIT_LOC_STRINGS = NO;
				SWIFT_VERSION = 5.0;
				TARGETED_DEVICE_FAMILY = "1,2";
				TEST_HOST = "$(BUILT_PRODUCTS_DIR)/ebac-noticias.app/$(BUNDLE_EXECUTABLE_FOLDER_PATH)/ebac-noticias";
			};
			name = Release;
		};
		4DF2497329883A6300046046 /* Debug */ = {
			isa = XCBuildConfiguration;
			buildSettings = {
				ALWAYS_EMBED_SWIFT_STANDARD_LIBRARIES = YES;
				CODE_SIGN_STYLE = Automatic;
				CURRENT_PROJECT_VERSION = 1;
				DEVELOPMENT_TEAM = SPWMMSKK74;
				GENERATE_INFOPLIST_FILE = YES;
				MARKETING_VERSION = 1.0;
				PRODUCT_BUNDLE_IDENTIFIER = "br.com.jocampos.ebac-noticiasUITests";
				PRODUCT_NAME = "$(TARGET_NAME)";
				SWIFT_EMIT_LOC_STRINGS = NO;
				SWIFT_VERSION = 5.0;
				TARGETED_DEVICE_FAMILY = "1,2";
				TEST_TARGET_NAME = "ebac-noticias";
			};
			name = Debug;
		};
		4DF2497429883A6300046046 /* Release */ = {
			isa = XCBuildConfiguration;
			buildSettings = {
				ALWAYS_EMBED_SWIFT_STANDARD_LIBRARIES = YES;
				CODE_SIGN_STYLE = Automatic;
				CURRENT_PROJECT_VERSION = 1;
				DEVELOPMENT_TEAM = SPWMMSKK74;
				GENERATE_INFOPLIST_FILE = YES;
				MARKETING_VERSION = 1.0;
				PRODUCT_BUNDLE_IDENTIFIER = "br.com.jocampos.ebac-noticiasUITests";
				PRODUCT_NAME = "$(TARGET_NAME)";
				SWIFT_EMIT_LOC_STRINGS = NO;
				SWIFT_VERSION = 5.0;
				TARGETED_DEVICE_FAMILY = "1,2";
				TEST_TARGET_NAME = "ebac-noticias";
			};
			name = Release;
		};
/* End XCBuildConfiguration section */

/* Begin XCConfigurationList section */
		4DF2493A29883A6100046046 /* Build configuration list for PBXProject "ebac-noticias" */ = {
			isa = XCConfigurationList;
			buildConfigurations = (
				4DF2496A29883A6300046046 /* Debug */,
				4DF2496B29883A6300046046 /* Release */,
			);
			defaultConfigurationIsVisible = 0;
			defaultConfigurationName = Release;
		};
		4DF2496C29883A6300046046 /* Build configuration list for PBXNativeTarget "ebac-noticias" */ = {
			isa = XCConfigurationList;
			buildConfigurations = (
				4DF2496D29883A6300046046 /* Debug */,
				4DF2496E29883A6300046046 /* Release */,
			);
			defaultConfigurationIsVisible = 0;
			defaultConfigurationName = Release;
		};
		4DF2496F29883A6300046046 /* Build configuration list for PBXNativeTarget "ebac-noticiasTests" */ = {
			isa = XCConfigurationList;
			buildConfigurations = (
				4DF2497029883A6300046046 /* Debug */,
				4DF2497129883A6300046046 /* Release */,
			);
			defaultConfigurationIsVisible = 0;
			defaultConfigurationName = Release;
		};
		4DF2497229883A6300046046 /* Build configuration list for PBXNativeTarget "ebac-noticiasUITests" */ = {
			isa = XCConfigurationList;
			buildConfigurations = (
				4DF2497329883A6300046046 /* Debug */,
				4DF2497429883A6300046046 /* Release */,
			);
			defaultConfigurationIsVisible = 0;
			defaultConfigurationName = Release;
		};
/* End XCConfigurationList section */

/* Begin XCVersionGroup section */
		4DF2494B29883A6100046046 /* ebac_noticias.xcdatamodeld */ = {
			isa = XCVersionGroup;
			children = (
				4DF2494C29883A6100046046 /* ebac_noticias.xcdatamodel */,
			);
			currentVersion = 4DF2494C29883A6100046046 /* ebac_noticias.xcdatamodel */;
			path = ebac_noticias.xcdatamodeld;
			sourceTree = "<group>";
			versionGroupType = wrapper.xcdatamodel;
		};
/* End XCVersionGroup section */
	};
	rootObject = 4DF2493729883A6100046046 /* Project object */;
}
